
Microsoft Visual Studio Solution File, Format Version 12.00
# Visual Studio Version 16
VisualStudioVersion = 16.0.30204.135
MinimumVisualStudioVersion = 10.0.40219.1
Project("{FAE04EC0-301F-11D3-BF4B-00C04F79EFBC}") = "DatabaseFirstA2", "Assignment_2\DatabaseFirstA2.csproj", "{090B191B-9025-410A-B53B-AEC582654367}"
EndProject
Project("{FAE04EC0-301F-11D3-BF4B-00C04F79EFBC}") = "Assignment_2.Tests", "Assignment_2.Tests\Assignment_2.Tests.csproj", "{0DE8A595-2B84-4D51-A517-1BD34CEECA41}"
EndProject
Project("{FAE04EC0-301F-11D3-BF4B-00C04F79EFBC}") = "CodeFirstA2", "CodeFirstA2\CodeFirstA2.csproj", "{01215E10-4100-46DB-9E9B-B20A584CBE28}"
EndProject
Global
	GlobalSection(SolutionConfigurationPlatforms) = preSolution
		Debug|Any CPU = Debug|Any CPU
		Release|Any CPU = Release|Any CPU
	EndGlobalSection
	GlobalSection(ProjectConfigurationPlatforms) = postSolution
		{090B191B-9025-410A-B53B-AEC582654367}.Debug|Any CPU.ActiveCfg = Debug|Any CPU
		{090B191B-9025-410A-B53B-AEC582654367}.Debug|Any CPU.Build.0 = Debug|Any CPU
		{090B191B-9025-410A-B53B-AEC582654367}.Release|Any CPU.ActiveCfg = Release|Any CPU
		{090B191B-9025-410A-B53B-AEC582654367}.Release|Any CPU.Build.0 = Release|Any CPU
		{0DE8A595-2B84-4D51-A517-1BD34CEECA41}.Debug|Any CPU.ActiveCfg = Debug|Any CPU
		{0DE8A595-2B84-4D51-A517-1BD34CEECA41}.Debug|Any CPU.Build.0 = Debug|Any CPU
		{0DE8A595-2B84-4D51-A517-1BD34CEECA41}.Release|Any CPU.ActiveCfg = Release|Any CPU
		{0DE8A595-2B84-4D51-A517-1BD34CEECA41}.Release|Any CPU.Build.0 = Release|Any CPU
		{01215E10-4100-46DB-9E9B-B20A584CBE28}.Debug|Any CPU.ActiveCfg = Debug|Any CPU
		{01215E10-4100-46DB-9E9B-B20A584CBE28}.Debug|Any CPU.Build.0 = Debug|Any CPU
		{01215E10-4100-46DB-9E9B-B20A584CBE28}.Release|Any CPU.ActiveCfg = Release|Any CPU
		{01215E10-4100-46DB-9E9B-B20A584CBE28}.Release|Any CPU.Build.0 = Release|Any CPU
	EndGlobalSection
	GlobalSection(SolutionProperties) = preSolution
		HideSolutionNode = FALSE
	EndGlobalSection
	GlobalSection(ExtensibilityGlobals) = postSolution
		SolutionGuid = {C41C34CD-18F5-47B3-837D-219AF5E087CF}
	EndGlobalSection
EndGlobal
